
Microsoft Visual Studio Solution File, Format Version 12.00
# Visual Studio Version 17
VisualStudioVersion = 17.10.35013.160
MinimumVisualStudioVersion = 10.0.40219.1
Project("{FAE04EC0-301F-11D3-BF4B-00C04F79EFBC}") = "pragram1", "pragram1\pragram1.csproj", "{023D0CB6-A120-4C49-AD36-0E92EB25FEA6}"
EndProject
Global
	GlobalSection(SolutionConfigurationPlatforms) = preSolution
		Debug|Any CPU = Debug|Any CPU
		Release|Any CPU = Release|Any CPU
	EndGlobalSection
	GlobalSection(ProjectConfigurationPlatforms) = postSolution
		{023D0CB6-A120-4C49-AD36-0E92EB25FEA6}.Debug|Any CPU.ActiveCfg = Debug|Any CPU
		{023D0CB6-A120-4C49-AD36-0E92EB25FEA6}.Debug|Any CPU.Build.0 = Debug|Any CPU
		{023D0CB6-A120-4C49-AD36-0E92EB25FEA6}.Release|Any CPU.ActiveCfg = Release|Any CPU
		{023D0CB6-A120-4C49-AD36-0E92EB25FEA6}.Release|Any CPU.Build.0 = Release|Any CPU
	EndGlobalSection
	GlobalSection(SolutionProperties) = preSolution
		HideSolutionNode = FALSE
	EndGlobalSection
	GlobalSection(ExtensibilityGlobals) = postSolution
		SolutionGuid = {8B8899B7-414A-4327-8A35-EEF8520DB2FC}
	EndGlobalSection
EndGlobal
